// !$*UTF8*$!
{
	archiveVersion = 1;
	classes = {
	};
	objectVersion = 55;
	objects = {

/* Begin PBXBuildFile section */
		FCF7BDB6280C375D0004A906 /* AppDelegate.swift in Sources */ = {isa = PBXBuildFile; fileRef = FCF7BDB5280C375D0004A906 /* AppDelegate.swift */; };
		FCF7BDB8280C375D0004A906 /* SceneDelegate.swift in Sources */ = {isa = PBXBuildFile; fileRef = FCF7BDB7280C375D0004A906 /* SceneDelegate.swift */; };
		FCF7BDBD280C375D0004A906 /* Main.storyboard in Resources */ = {isa = PBXBuildFile; fileRef = FCF7BDBB280C375D0004A906 /* Main.storyboard */; };
		FCF7BDC0280C375D0004A906 /* WeatherApp_Challenge.xcdatamodeld in Sources */ = {isa = PBXBuildFile; fileRef = FCF7BDBE280C375D0004A906 /* WeatherApp_Challenge.xcdatamodeld */; };
		FCF7BDC2280C375F0004A906 /* Assets.xcassets in Resources */ = {isa = PBXBuildFile; fileRef = FCF7BDC1280C375F0004A906 /* Assets.xcassets */; };
		FCF7BDC5280C375F0004A906 /* LaunchScreen.storyboard in Resources */ = {isa = PBXBuildFile; fileRef = FCF7BDC3280C375F0004A906 /* LaunchScreen.storyboard */; };
		FCF7BDD0280C37600004A906 /* WeatherApp_ChallengeTests.swift in Sources */ = {isa = PBXBuildFile; fileRef = FCF7BDCF280C37600004A906 /* WeatherApp_ChallengeTests.swift */; };
		FCF7BDDA280C37600004A906 /* WeatherApp_ChallengeUITests.swift in Sources */ = {isa = PBXBuildFile; fileRef = FCF7BDD9280C37600004A906 /* WeatherApp_ChallengeUITests.swift */; };
		FCF7BDDC280C37600004A906 /* WeatherApp_ChallengeUITestsLaunchTests.swift in Sources */ = {isa = PBXBuildFile; fileRef = FCF7BDDB280C37600004A906 /* WeatherApp_ChallengeUITestsLaunchTests.swift */; };
		FCF7BDED280C39820004A906 /* Ubuntu-Regular.ttf in Resources */ = {isa = PBXBuildFile; fileRef = FCF7BDE9280C39820004A906 /* Ubuntu-Regular.ttf */; };
		FCF7BDEE280C39820004A906 /* Ubuntu-Regular.ttf in Resources */ = {isa = PBXBuildFile; fileRef = FCF7BDE9280C39820004A906 /* Ubuntu-Regular.ttf */; };
		FCF7BDEF280C39820004A906 /* Ubuntu-Regular.ttf in Resources */ = {isa = PBXBuildFile; fileRef = FCF7BDE9280C39820004A906 /* Ubuntu-Regular.ttf */; };
		FCF7BDF0280C39820004A906 /* Ubuntu-Light.ttf in Resources */ = {isa = PBXBuildFile; fileRef = FCF7BDEA280C39820004A906 /* Ubuntu-Light.ttf */; };
		FCF7BDF1280C39820004A906 /* Ubuntu-Light.ttf in Resources */ = {isa = PBXBuildFile; fileRef = FCF7BDEA280C39820004A906 /* Ubuntu-Light.ttf */; };
		FCF7BDF2280C39820004A906 /* Ubuntu-Light.ttf in Resources */ = {isa = PBXBuildFile; fileRef = FCF7BDEA280C39820004A906 /* Ubuntu-Light.ttf */; };
		FCF7BDF3280C39820004A906 /* Ubuntu-Bold.ttf in Resources */ = {isa = PBXBuildFile; fileRef = FCF7BDEB280C39820004A906 /* Ubuntu-Bold.ttf */; };
		FCF7BDF4280C39820004A906 /* Ubuntu-Bold.ttf in Resources */ = {isa = PBXBuildFile; fileRef = FCF7BDEB280C39820004A906 /* Ubuntu-Bold.ttf */; };
		FCF7BDF5280C39820004A906 /* Ubuntu-Bold.ttf in Resources */ = {isa = PBXBuildFile; fileRef = FCF7BDEB280C39820004A906 /* Ubuntu-Bold.ttf */; };
		FCF7BDF6280C39820004A906 /* Ubuntu-Medium.ttf in Resources */ = {isa = PBXBuildFile; fileRef = FCF7BDEC280C39820004A906 /* Ubuntu-Medium.ttf */; };
		FCF7BDF7280C39820004A906 /* Ubuntu-Medium.ttf in Resources */ = {isa = PBXBuildFile; fileRef = FCF7BDEC280C39820004A906 /* Ubuntu-Medium.ttf */; };
		FCF7BDF8280C39820004A906 /* Ubuntu-Medium.ttf in Resources */ = {isa = PBXBuildFile; fileRef = FCF7BDEC280C39820004A906 /* Ubuntu-Medium.ttf */; };
		FCF7BDFD280C43320004A906 /* WeatherViewController.swift in Sources */ = {isa = PBXBuildFile; fileRef = FCF7BDFC280C43320004A906 /* WeatherViewController.swift */; };
		FCF7BDFE280C43320004A906 /* WeatherViewController.swift in Sources */ = {isa = PBXBuildFile; fileRef = FCF7BDFC280C43320004A906 /* WeatherViewController.swift */; };
		FCF7BDFF280C43320004A906 /* WeatherViewController.swift in Sources */ = {isa = PBXBuildFile; fileRef = FCF7BDFC280C43320004A906 /* WeatherViewController.swift */; };
		FCF7BE01280C43590004A906 /* WeatherModel.swift in Sources */ = {isa = PBXBuildFile; fileRef = FCF7BE00280C43590004A906 /* WeatherModel.swift */; };
		FCF7BE02280C43590004A906 /* WeatherModel.swift in Sources */ = {isa = PBXBuildFile; fileRef = FCF7BE00280C43590004A906 /* WeatherModel.swift */; };
		FCF7BE03280C43590004A906 /* WeatherModel.swift in Sources */ = {isa = PBXBuildFile; fileRef = FCF7BE00280C43590004A906 /* WeatherModel.swift */; };
		FCF7BE05280C43650004A906 /* Weather.swift in Sources */ = {isa = PBXBuildFile; fileRef = FCF7BE04280C43650004A906 /* Weather.swift */; };
		FCF7BE06280C43650004A906 /* Weather.swift in Sources */ = {isa = PBXBuildFile; fileRef = FCF7BE04280C43650004A906 /* Weather.swift */; };
		FCF7BE07280C43650004A906 /* Weather.swift in Sources */ = {isa = PBXBuildFile; fileRef = FCF7BE04280C43650004A906 /* Weather.swift */; };
		FCF7BE09280C43C10004A906 /* ConsolidatedWeatherCollectionViewCell.swift in Sources */ = {isa = PBXBuildFile; fileRef = FCF7BE08280C43C10004A906 /* ConsolidatedWeatherCollectionViewCell.swift */; };
		FCF7BE0A280C43C10004A906 /* ConsolidatedWeatherCollectionViewCell.swift in Sources */ = {isa = PBXBuildFile; fileRef = FCF7BE08280C43C10004A906 /* ConsolidatedWeatherCollectionViewCell.swift */; };
		FCF7BE0B280C43C10004A906 /* ConsolidatedWeatherCollectionViewCell.swift in Sources */ = {isa = PBXBuildFile; fileRef = FCF7BE08280C43C10004A906 /* ConsolidatedWeatherCollectionViewCell.swift */; };
		FCF7BE0D280F29820004A906 /* LocationPickerViewController.swift in Sources */ = {isa = PBXBuildFile; fileRef = FCF7BE0C280F29820004A906 /* LocationPickerViewController.swift */; };
		FCF7BE0F280F2FC30004A906 /* LocationTableViewCell.swift in Sources */ = {isa = PBXBuildFile; fileRef = FCF7BE0E280F2FC30004A906 /* LocationTableViewCell.swift */; };
		FCF7BE11280F347D0004A906 /* Location.swift in Sources */ = {isa = PBXBuildFile; fileRef = FCF7BE10280F347D0004A906 /* Location.swift */; };
		FCF7BE14280F9A8E0004A906 /* SavedUserDefaults.swift in Sources */ = {isa = PBXBuildFile; fileRef = FCF7BE13280F9A8E0004A906 /* SavedUserDefaults.swift */; };
		FCF7BE17280FA0120004A906 /* LocationTableDelegate.swift in Sources */ = {isa = PBXBuildFile; fileRef = FCF7BE16280FA0120004A906 /* LocationTableDelegate.swift */; };
/* End PBXBuildFile section */

/* Begin PBXContainerItemProxy section */
		FCF7BDCC280C37600004A906 /* PBXContainerItemProxy */ = {
			isa = PBXContainerItemProxy;
			containerPortal = FCF7BDAA280C375D0004A906 /* Project object */;
			proxyType = 1;
			remoteGlobalIDString = FCF7BDB1280C375D0004A906;
			remoteInfo = "WeatherApp-Challenge";
		};
		FCF7BDD6280C37600004A906 /* PBXContainerItemProxy */ = {
			isa = PBXContainerItemProxy;
			containerPortal = FCF7BDAA280C375D0004A906 /* Project object */;
			proxyType = 1;
			remoteGlobalIDString = FCF7BDB1280C375D0004A906;
			remoteInfo = "WeatherApp-Challenge";
		};
/* End PBXContainerItemProxy section */

/* Begin PBXFileReference section */
		FCF7BDB2280C375D0004A906 /* WeatherApp-Challenge.app */ = {isa = PBXFileReference; explicitFileType = wrapper.application; includeInIndex = 0; path = "WeatherApp-Challenge.app"; sourceTree = BUILT_PRODUCTS_DIR; };
		FCF7BDB5280C375D0004A906 /* AppDelegate.swift */ = {isa = PBXFileReference; lastKnownFileType = sourcecode.swift; path = AppDelegate.swift; sourceTree = "<group>"; };
		FCF7BDB7280C375D0004A906 /* SceneDelegate.swift */ = {isa = PBXFileReference; lastKnownFileType = sourcecode.swift; path = SceneDelegate.swift; sourceTree = "<group>"; };
		FCF7BDBC280C375D0004A906 /* Base */ = {isa = PBXFileReference; lastKnownFileType = file.storyboard; name = Base; path = Base.lproj/Main.storyboard; sourceTree = "<group>"; };
		FCF7BDBF280C375D0004A906 /* WeatherApp_Challenge.xcdatamodel */ = {isa = PBXFileReference; lastKnownFileType = wrapper.xcdatamodel; path = WeatherApp_Challenge.xcdatamodel; sourceTree = "<group>"; };
		FCF7BDC1280C375F0004A906 /* Assets.xcassets */ = {isa = PBXFileReference; lastKnownFileType = folder.assetcatalog; path = Assets.xcassets; sourceTree = "<group>"; };
		FCF7BDC4280C375F0004A906 /* Base */ = {isa = PBXFileReference; lastKnownFileType = file.storyboard; name = Base; path = Base.lproj/LaunchScreen.storyboard; sourceTree = "<group>"; };
		FCF7BDC6280C375F0004A906 /* Info.plist */ = {isa = PBXFileReference; lastKnownFileType = text.plist.xml; path = Info.plist; sourceTree = "<group>"; };
		FCF7BDCB280C37600004A906 /* WeatherApp-ChallengeTests.xctest */ = {isa = PBXFileReference; explicitFileType = wrapper.cfbundle; includeInIndex = 0; path = "WeatherApp-ChallengeTests.xctest"; sourceTree = BUILT_PRODUCTS_DIR; };
		FCF7BDCF280C37600004A906 /* WeatherApp_ChallengeTests.swift */ = {isa = PBXFileReference; lastKnownFileType = sourcecode.swift; path = WeatherApp_ChallengeTests.swift; sourceTree = "<group>"; };
		FCF7BDD5280C37600004A906 /* WeatherApp-ChallengeUITests.xctest */ = {isa = PBXFileReference; explicitFileType = wrapper.cfbundle; includeInIndex = 0; path = "WeatherApp-ChallengeUITests.xctest"; sourceTree = BUILT_PRODUCTS_DIR; };
		FCF7BDD9280C37600004A906 /* WeatherApp_ChallengeUITests.swift */ = {isa = PBXFileReference; lastKnownFileType = sourcecode.swift; path = WeatherApp_ChallengeUITests.swift; sourceTree = "<group>"; };
		FCF7BDDB280C37600004A906 /* WeatherApp_ChallengeUITestsLaunchTests.swift */ = {isa = PBXFileReference; lastKnownFileType = sourcecode.swift; path = WeatherApp_ChallengeUITestsLaunchTests.swift; sourceTree = "<group>"; };
		FCF7BDE9280C39820004A906 /* Ubuntu-Regular.ttf */ = {isa = PBXFileReference; lastKnownFileType = file; path = "Ubuntu-Regular.ttf"; sourceTree = "<group>"; };
		FCF7BDEA280C39820004A906 /* Ubuntu-Light.ttf */ = {isa = PBXFileReference; lastKnownFileType = file; path = "Ubuntu-Light.ttf"; sourceTree = "<group>"; };
		FCF7BDEB280C39820004A906 /* Ubuntu-Bold.ttf */ = {isa = PBXFileReference; lastKnownFileType = file; path = "Ubuntu-Bold.ttf"; sourceTree = "<group>"; };
		FCF7BDEC280C39820004A906 /* Ubuntu-Medium.ttf */ = {isa = PBXFileReference; lastKnownFileType = file; path = "Ubuntu-Medium.ttf"; sourceTree = "<group>"; };
		FCF7BDFC280C43320004A906 /* WeatherViewController.swift */ = {isa = PBXFileReference; lastKnownFileType = sourcecode.swift; path = WeatherViewController.swift; sourceTree = "<group>"; };
		FCF7BE00280C43590004A906 /* WeatherModel.swift */ = {isa = PBXFileReference; lastKnownFileType = sourcecode.swift; path = WeatherModel.swift; sourceTree = "<group>"; };
		FCF7BE04280C43650004A906 /* Weather.swift */ = {isa = PBXFileReference; lastKnownFileType = sourcecode.swift; path = Weather.swift; sourceTree = "<group>"; };
		FCF7BE08280C43C10004A906 /* ConsolidatedWeatherCollectionViewCell.swift */ = {isa = PBXFileReference; lastKnownFileType = sourcecode.swift; path = ConsolidatedWeatherCollectionViewCell.swift; sourceTree = "<group>"; };
		FCF7BE0C280F29820004A906 /* LocationPickerViewController.swift */ = {isa = PBXFileReference; lastKnownFileType = sourcecode.swift; path = LocationPickerViewController.swift; sourceTree = "<group>"; };
		FCF7BE0E280F2FC30004A906 /* LocationTableViewCell.swift */ = {isa = PBXFileReference; lastKnownFileType = sourcecode.swift; path = LocationTableViewCell.swift; sourceTree = "<group>"; };
		FCF7BE10280F347D0004A906 /* Location.swift */ = {isa = PBXFileReference; lastKnownFileType = sourcecode.swift; path = Location.swift; sourceTree = "<group>"; };
		FCF7BE13280F9A8E0004A906 /* SavedUserDefaults.swift */ = {isa = PBXFileReference; lastKnownFileType = sourcecode.swift; path = SavedUserDefaults.swift; sourceTree = "<group>"; };
		FCF7BE16280FA0120004A906 /* LocationTableDelegate.swift */ = {isa = PBXFileReference; lastKnownFileType = sourcecode.swift; path = LocationTableDelegate.swift; sourceTree = "<group>"; };
/* End PBXFileReference section */

/* Begin PBXFrameworksBuildPhase section */
		FCF7BDAF280C375D0004A906 /* Frameworks */ = {
			isa = PBXFrameworksBuildPhase;
			buildActionMask = 2147483647;
			files = (
			);
			runOnlyForDeploymentPostprocessing = 0;
		};
		FCF7BDC8280C37600004A906 /* Frameworks */ = {
			isa = PBXFrameworksBuildPhase;
			buildActionMask = 2147483647;
			files = (
			);
			runOnlyForDeploymentPostprocessing = 0;
		};
		FCF7BDD2280C37600004A906 /* Frameworks */ = {
			isa = PBXFrameworksBuildPhase;
			buildActionMask = 2147483647;
			files = (
			);
			runOnlyForDeploymentPostprocessing = 0;
		};
/* End PBXFrameworksBuildPhase section */

/* Begin PBXGroup section */
		FCF7BDA9280C375D0004A906 = {
			isa = PBXGroup;
			children = (
				FCF7BDB4280C375D0004A906 /* WeatherApp-Challenge */,
				FCF7BDCE280C37600004A906 /* WeatherApp-ChallengeTests */,
				FCF7BDD8280C37600004A906 /* WeatherApp-ChallengeUITests */,
				FCF7BDB3280C375D0004A906 /* Products */,
			);
			sourceTree = "<group>";
		};
		FCF7BDB3280C375D0004A906 /* Products */ = {
			isa = PBXGroup;
			children = (
				FCF7BDB2280C375D0004A906 /* WeatherApp-Challenge.app */,
				FCF7BDCB280C37600004A906 /* WeatherApp-ChallengeTests.xctest */,
				FCF7BDD5280C37600004A906 /* WeatherApp-ChallengeUITests.xctest */,
			);
			name = Products;
			sourceTree = "<group>";
		};
		FCF7BDB4280C375D0004A906 /* WeatherApp-Challenge */ = {
			isa = PBXGroup;
			children = (
				FCF7BE15280F9FF30004A906 /* Delegate */,
				FCF7BE12280F9A3C0004A906 /* Extension */,
				FCF7BDFA280C3ABA0004A906 /* Model */,
				FCF7BDF9280C3AB40004A906 /* Controller */,
				FCF7BDFB280C3AD00004A906 /* View */,
				FCF7BDB5280C375D0004A906 /* AppDelegate.swift */,
				FCF7BDB7280C375D0004A906 /* SceneDelegate.swift */,
				FCF7BDBB280C375D0004A906 /* Main.storyboard */,
				FCF7BDC1280C375F0004A906 /* Assets.xcassets */,
				FCF7BDC3280C375F0004A906 /* LaunchScreen.storyboard */,
				FCF7BDC6280C375F0004A906 /* Info.plist */,
				FCF7BDBE280C375D0004A906 /* WeatherApp_Challenge.xcdatamodeld */,
				FCF7BDE8280C39650004A906 /* Fonts */,
			);
			path = "WeatherApp-Challenge";
			sourceTree = "<group>";
		};
		FCF7BDCE280C37600004A906 /* WeatherApp-ChallengeTests */ = {
			isa = PBXGroup;
			children = (
				FCF7BDCF280C37600004A906 /* WeatherApp_ChallengeTests.swift */,
			);
			path = "WeatherApp-ChallengeTests";
			sourceTree = "<group>";
		};
		FCF7BDD8280C37600004A906 /* WeatherApp-ChallengeUITests */ = {
			isa = PBXGroup;
			children = (
				FCF7BDD9280C37600004A906 /* WeatherApp_ChallengeUITests.swift */,
				FCF7BDDB280C37600004A906 /* WeatherApp_ChallengeUITestsLaunchTests.swift */,
			);
			path = "WeatherApp-ChallengeUITests";
			sourceTree = "<group>";
		};
		FCF7BDE8280C39650004A906 /* Fonts */ = {
			isa = PBXGroup;
			children = (
				FCF7BDEB280C39820004A906 /* Ubuntu-Bold.ttf */,
				FCF7BDEA280C39820004A906 /* Ubuntu-Light.ttf */,
				FCF7BDEC280C39820004A906 /* Ubuntu-Medium.ttf */,
				FCF7BDE9280C39820004A906 /* Ubuntu-Regular.ttf */,
			);
			path = Fonts;
			sourceTree = "<group>";
		};
		FCF7BDF9280C3AB40004A906 /* Controller */ = {
			isa = PBXGroup;
			children = (
				FCF7BDFC280C43320004A906 /* WeatherViewController.swift */,
				FCF7BE0C280F29820004A906 /* LocationPickerViewController.swift */,
			);
			path = Controller;
			sourceTree = "<group>";
		};
		FCF7BDFA280C3ABA0004A906 /* Model */ = {
			isa = PBXGroup;
			children = (
				FCF7BE00280C43590004A906 /* WeatherModel.swift */,
				FCF7BE04280C43650004A906 /* Weather.swift */,
				FCF7BE10280F347D0004A906 /* Location.swift */,
			);
			path = Model;
			sourceTree = "<group>";
		};
		FCF7BDFB280C3AD00004A906 /* View */ = {
			isa = PBXGroup;
			children = (
				FCF7BE08280C43C10004A906 /* ConsolidatedWeatherCollectionViewCell.swift */,
				FCF7BE0E280F2FC30004A906 /* LocationTableViewCell.swift */,
			);
			path = View;
			sourceTree = "<group>";
		};
		FCF7BE12280F9A3C0004A906 /* Extension */ = {
			isa = PBXGroup;
			children = (
				FCF7BE13280F9A8E0004A906 /* SavedUserDefaults.swift */,
			);
			path = Extension;
			sourceTree = "<group>";
		};
		FCF7BE15280F9FF30004A906 /* Delegate */ = {
			isa = PBXGroup;
			children = (
				FCF7BE16280FA0120004A906 /* LocationTableDelegate.swift */,
			);
			path = Delegate;
			sourceTree = "<group>";
		};
/* End PBXGroup section */

/* Begin PBXNativeTarget section */
		FCF7BDB1280C375D0004A906 /* WeatherApp-Challenge */ = {
			isa = PBXNativeTarget;
			buildConfigurationList = FCF7BDDF280C37600004A906 /* Build configuration list for PBXNativeTarget "WeatherApp-Challenge" */;
			buildPhases = (
				FCF7BDAE280C375D0004A906 /* Sources */,
				FCF7BDAF280C375D0004A906 /* Frameworks */,
				FCF7BDB0280C375D0004A906 /* Resources */,
			);
			buildRules = (
			);
			dependencies = (
			);
			name = "WeatherApp-Challenge";
			productName = "WeatherApp-Challenge";
			productReference = FCF7BDB2280C375D0004A906 /* WeatherApp-Challenge.app */;
			productType = "com.apple.product-type.application";
		};
		FCF7BDCA280C37600004A906 /* WeatherApp-ChallengeTests */ = {
			isa = PBXNativeTarget;
			buildConfigurationList = FCF7BDE2280C37600004A906 /* Build configuration list for PBXNativeTarget "WeatherApp-ChallengeTests" */;
			buildPhases = (
				FCF7BDC7280C37600004A906 /* Sources */,
				FCF7BDC8280C37600004A906 /* Frameworks */,
				FCF7BDC9280C37600004A906 /* Resources */,
			);
			buildRules = (
			);
			dependencies = (
				FCF7BDCD280C37600004A906 /* PBXTargetDependency */,
			);
			name = "WeatherApp-ChallengeTests";
			productName = "WeatherApp-ChallengeTests";
			productReference = FCF7BDCB280C37600004A906 /* WeatherApp-ChallengeTests.xctest */;
			productType = "com.apple.product-type.bundle.unit-test";
		};
		FCF7BDD4280C37600004A906 /* WeatherApp-ChallengeUITests */ = {
			isa = PBXNativeTarget;
			buildConfigurationList = FCF7BDE5280C37600004A906 /* Build configuration list for PBXNativeTarget "WeatherApp-ChallengeUITests" */;
			buildPhases = (
				FCF7BDD1280C37600004A906 /* Sources */,
				FCF7BDD2280C37600004A906 /* Frameworks */,
				FCF7BDD3280C37600004A906 /* Resources */,
			);
			buildRules = (
			);
			dependencies = (
				FCF7BDD7280C37600004A906 /* PBXTargetDependency */,
			);
			name = "WeatherApp-ChallengeUITests";
			productName = "WeatherApp-ChallengeUITests";
			productReference = FCF7BDD5280C37600004A906 /* WeatherApp-ChallengeUITests.xctest */;
			productType = "com.apple.product-type.bundle.ui-testing";
		};
/* End PBXNativeTarget section */

/* Begin PBXProject section */
		FCF7BDAA280C375D0004A906 /* Project object */ = {
			isa = PBXProject;
			attributes = {
				BuildIndependentTargetsInParallel = 1;
				LastSwiftUpdateCheck = 1310;
				LastUpgradeCheck = 1310;
				TargetAttributes = {
					FCF7BDB1280C375D0004A906 = {
						CreatedOnToolsVersion = 13.1;
					};
					FCF7BDCA280C37600004A906 = {
						CreatedOnToolsVersion = 13.1;
						TestTargetID = FCF7BDB1280C375D0004A906;
					};
					FCF7BDD4280C37600004A906 = {
						CreatedOnToolsVersion = 13.1;
						TestTargetID = FCF7BDB1280C375D0004A906;
					};
				};
			};
			buildConfigurationList = FCF7BDAD280C375D0004A906 /* Build configuration list for PBXProject "WeatherApp-Challenge" */;
			compatibilityVersion = "Xcode 13.0";
			developmentRegion = en;
			hasScannedForEncodings = 0;
			knownRegions = (
				en,
				Base,
			);
			mainGroup = FCF7BDA9280C375D0004A906;
			productRefGroup = FCF7BDB3280C375D0004A906 /* Products */;
			projectDirPath = "";
			projectRoot = "";
			targets = (
				FCF7BDB1280C375D0004A906 /* WeatherApp-Challenge */,
				FCF7BDCA280C37600004A906 /* WeatherApp-ChallengeTests */,
				FCF7BDD4280C37600004A906 /* WeatherApp-ChallengeUITests */,
			);
		};
/* End PBXProject section */

/* Begin PBXResourcesBuildPhase section */
		FCF7BDB0280C375D0004A906 /* Resources */ = {
			isa = PBXResourcesBuildPhase;
			buildActionMask = 2147483647;
			files = (
				FCF7BDED280C39820004A906 /* Ubuntu-Regular.ttf in Resources */,
				FCF7BDC5280C375F0004A906 /* LaunchScreen.storyboard in Resources */,
				FCF7BDF6280C39820004A906 /* Ubuntu-Medium.ttf in Resources */,
				FCF7BDF3280C39820004A906 /* Ubuntu-Bold.ttf in Resources */,
				FCF7BDF0280C39820004A906 /* Ubuntu-Light.ttf in Resources */,
				FCF7BDC2280C375F0004A906 /* Assets.xcassets in Resources */,
				FCF7BDBD280C375D0004A906 /* Main.storyboard in Resources */,
			);
			runOnlyForDeploymentPostprocessing = 0;
		};
		FCF7BDC9280C37600004A906 /* Resources */ = {
			isa = PBXResourcesBuildPhase;
			buildActionMask = 2147483647;
			files = (
				FCF7BDF1280C39820004A906 /* Ubuntu-Light.ttf in Resources */,
				FCF7BDEE280C39820004A906 /* Ubuntu-Regular.ttf in Resources */,
				FCF7BDF7280C39820004A906 /* Ubuntu-Medium.ttf in Resources */,
				FCF7BDF4280C39820004A906 /* Ubuntu-Bold.ttf in Resources */,
			);
			runOnlyForDeploymentPostprocessing = 0;
		};
		FCF7BDD3280C37600004A906 /* Resources */ = {
			isa = PBXResourcesBuildPhase;
			buildActionMask = 2147483647;
			files = (
				FCF7BDF2280C39820004A906 /* Ubuntu-Light.ttf in Resources */,
				FCF7BDEF280C39820004A906 /* Ubuntu-Regular.ttf in Resources */,
				FCF7BDF8280C39820004A906 /* Ubuntu-Medium.ttf in Resources */,
				FCF7BDF5280C39820004A906 /* Ubuntu-Bold.ttf in Resources */,
			);
			runOnlyForDeploymentPostprocessing = 0;
		};
/* End PBXResourcesBuildPhase section */

/* Begin PBXSourcesBuildPhase section */
		FCF7BDAE280C375D0004A906 /* Sources */ = {
			isa = PBXSourcesBuildPhase;
			buildActionMask = 2147483647;
			files = (
				FCF7BDC0280C375D0004A906 /* WeatherApp_Challenge.xcdatamodeld in Sources */,
				FCF7BDFD280C43320004A906 /* WeatherViewController.swift in Sources */,
				FCF7BE11280F347D0004A906 /* Location.swift in Sources */,
				FCF7BE09280C43C10004A906 /* ConsolidatedWeatherCollectionViewCell.swift in Sources */,
				FCF7BE0F280F2FC30004A906 /* LocationTableViewCell.swift in Sources */,
				FCF7BDB6280C375D0004A906 /* AppDelegate.swift in Sources */,
				FCF7BE01280C43590004A906 /* WeatherModel.swift in Sources */,
				FCF7BDB8280C375D0004A906 /* SceneDelegate.swift in Sources */,
				FCF7BE14280F9A8E0004A906 /* SavedUserDefaults.swift in Sources */,
				FCF7BE05280C43650004A906 /* Weather.swift in Sources */,
				FCF7BE17280FA0120004A906 /* LocationTableDelegate.swift in Sources */,
				FCF7BE0D280F29820004A906 /* LocationPickerViewController.swift in Sources */,
			);
			runOnlyForDeploymentPostprocessing = 0;
		};
		FCF7BDC7280C37600004A906 /* Sources */ = {
			isa = PBXSourcesBuildPhase;
			buildActionMask = 2147483647;
			files = (
				FCF7BE0A280C43C10004A906 /* ConsolidatedWeatherCollectionViewCell.swift in Sources */,
				FCF7BE06280C43650004A906 /* Weather.swift in Sources */,
				FCF7BDD0280C37600004A906 /* WeatherApp_ChallengeTests.swift in Sources */,
				FCF7BE02280C43590004A906 /* WeatherModel.swift in Sources */,
				FCF7BDFE280C43320004A906 /* WeatherViewController.swift in Sources */,
			);
			runOnlyForDeploymentPostprocessing = 0;
		};
		FCF7BDD1280C37600004A906 /* Sources */ = {
			isa = PBXSourcesBuildPhase;
			buildActionMask = 2147483647;
			files = (
				FCF7BE0B280C43C10004A906 /* ConsolidatedWeatherCollectionViewCell.swift in Sources */,
				FCF7BDDA280C37600004A906 /* WeatherApp_ChallengeUITests.swift in Sources */,
				FCF7BDFF280C43320004A906 /* WeatherViewController.swift in Sources */,
				FCF7BE03280C43590004A906 /* WeatherModel.swift in Sources */,
				FCF7BDDC280C37600004A906 /* WeatherApp_ChallengeUITestsLaunchTests.swift in Sources */,
				FCF7BE07280C43650004A906 /* Weather.swift in Sources */,
			);
			runOnlyForDeploymentPostprocessing = 0;
		};
/* End PBXSourcesBuildPhase section */

/* Begin PBXTargetDependency section */
		FCF7BDCD280C37600004A906 /* PBXTargetDependency */ = {
			isa = PBXTargetDependency;
			target = FCF7BDB1280C375D0004A906 /* WeatherApp-Challenge */;
			targetProxy = FCF7BDCC280C37600004A906 /* PBXContainerItemProxy */;
		};
		FCF7BDD7280C37600004A906 /* PBXTargetDependency */ = {
			isa = PBXTargetDependency;
			target = FCF7BDB1280C375D0004A906 /* WeatherApp-Challenge */;
			targetProxy = FCF7BDD6280C37600004A906 /* PBXContainerItemProxy */;
		};
/* End PBXTargetDependency section */

/* Begin PBXVariantGroup section */
		FCF7BDBB280C375D0004A906 /* Main.storyboard */ = {
			isa = PBXVariantGroup;
			children = (
				FCF7BDBC280C375D0004A906 /* Base */,
			);
			name = Main.storyboard;
			sourceTree = "<group>";
		};
		FCF7BDC3280C375F0004A906 /* LaunchScreen.storyboard */ = {
			isa = PBXVariantGroup;
			children = (
				FCF7BDC4280C375F0004A906 /* Base */,
			);
			name = LaunchScreen.storyboard;
			sourceTree = "<group>";
		};
/* End PBXVariantGroup section */

/* Begin XCBuildConfiguration section */
		FCF7BDDD280C37600004A906 /* Debug */ = {
			isa = XCBuildConfiguration;
			buildSettings = {
				ALWAYS_SEARCH_USER_PATHS = NO;
				CLANG_ANALYZER_NONNULL = YES;
				CLANG_ANALYZER_NUMBER_OBJECT_CONVERSION = YES_AGGRESSIVE;
				CLANG_CXX_LANGUAGE_STANDARD = "gnu++17";
				CLANG_CXX_LIBRARY = "libc++";
				CLANG_ENABLE_MODULES = YES;
				CLANG_ENABLE_OBJC_ARC = YES;
				CLANG_ENABLE_OBJC_WEAK = YES;
				CLANG_WARN_BLOCK_CAPTURE_AUTORELEASING = YES;
				CLANG_WARN_BOOL_CONVERSION = YES;
				CLANG_WARN_COMMA = YES;
				CLANG_WARN_CONSTANT_CONVERSION = YES;
				CLANG_WARN_DEPRECATED_OBJC_IMPLEMENTATIONS = YES;
				CLANG_WARN_DIRECT_OBJC_ISA_USAGE = YES_ERROR;
				CLANG_WARN_DOCUMENTATION_COMMENTS = YES;
				CLANG_WARN_EMPTY_BODY = YES;
				CLANG_WARN_ENUM_CONVERSION = YES;
				CLANG_WARN_INFINITE_RECURSION = YES;
				CLANG_WARN_INT_CONVERSION = YES;
				CLANG_WARN_NON_LITERAL_NULL_CONVERSION = YES;
				CLANG_WARN_OBJC_IMPLICIT_RETAIN_SELF = YES;
				CLANG_WARN_OBJC_LITERAL_CONVERSION = YES;
				CLANG_WARN_OBJC_ROOT_CLASS = YES_ERROR;
				CLANG_WARN_QUOTED_INCLUDE_IN_FRAMEWORK_HEADER = YES;
				CLANG_WARN_RANGE_LOOP_ANALYSIS = YES;
				CLANG_WARN_STRICT_PROTOTYPES = YES;
				CLANG_WARN_SUSPICIOUS_MOVE = YES;
				CLANG_WARN_UNGUARDED_AVAILABILITY = YES_AGGRESSIVE;
				CLANG_WARN_UNREACHABLE_CODE = YES;
				CLANG_WARN__DUPLICATE_METHOD_MATCH = YES;
				COPY_PHASE_STRIP = NO;
				DEBUG_INFORMATION_FORMAT = dwarf;
				ENABLE_STRICT_OBJC_MSGSEND = YES;
				ENABLE_TESTABILITY = YES;
				GCC_C_LANGUAGE_STANDARD = gnu11;
				GCC_DYNAMIC_NO_PIC = NO;
				GCC_NO_COMMON_BLOCKS = YES;
				GCC_OPTIMIZATION_LEVEL = 0;
				GCC_PREPROCESSOR_DEFINITIONS = (
					"DEBUG=1",
					"$(inherited)",
				);
				GCC_WARN_64_TO_32_BIT_CONVERSION = YES;
				GCC_WARN_ABOUT_RETURN_TYPE = YES_ERROR;
				GCC_WARN_UNDECLARED_SELECTOR = YES;
				GCC_WARN_UNINITIALIZED_AUTOS = YES_AGGRESSIVE;
				GCC_WARN_UNUSED_FUNCTION = YES;
				GCC_WARN_UNUSED_VARIABLE = YES;
				IPHONEOS_DEPLOYMENT_TARGET = 15.0;
				MTL_ENABLE_DEBUG_INFO = INCLUDE_SOURCE;
				MTL_FAST_MATH = YES;
				ONLY_ACTIVE_ARCH = YES;
				SDKROOT = iphoneos;
				SWIFT_ACTIVE_COMPILATION_CONDITIONS = DEBUG;
				SWIFT_OPTIMIZATION_LEVEL = "-Onone";
			};
			name = Debug;
		};
		FCF7BDDE280C37600004A906 /* Release */ = {
			isa = XCBuildConfiguration;
			buildSettings = {
				ALWAYS_SEARCH_USER_PATHS = NO;
				CLANG_ANALYZER_NONNULL = YES;
				CLANG_ANALYZER_NUMBER_OBJECT_CONVERSION = YES_AGGRESSIVE;
				CLANG_CXX_LANGUAGE_STANDARD = "gnu++17";
				CLANG_CXX_LIBRARY = "libc++";
				CLANG_ENABLE_MODULES = YES;
				CLANG_ENABLE_OBJC_ARC = YES;
				CLANG_ENABLE_OBJC_WEAK = YES;
				CLANG_WARN_BLOCK_CAPTURE_AUTORELEASING = YES;
				CLANG_WARN_BOOL_CONVERSION = YES;
				CLANG_WARN_COMMA = YES;
				CLANG_WARN_CONSTANT_CONVERSION = YES;
				CLANG_WARN_DEPRECATED_OBJC_IMPLEMENTATIONS = YES;
				CLANG_WARN_DIRECT_OBJC_ISA_USAGE = YES_ERROR;
				CLANG_WARN_DOCUMENTATION_COMMENTS = YES;
				CLANG_WARN_EMPTY_BODY = YES;
				CLANG_WARN_ENUM_CONVERSION = YES;
				CLANG_WARN_INFINITE_RECURSION = YES;
				CLANG_WARN_INT_CONVERSION = YES;
				CLANG_WARN_NON_LITERAL_NULL_CONVERSION = YES;
				CLANG_WARN_OBJC_IMPLICIT_RETAIN_SELF = YES;
				CLANG_WARN_OBJC_LITERAL_CONVERSION = YES;
				CLANG_WARN_OBJC_ROOT_CLASS = YES_ERROR;
				CLANG_WARN_QUOTED_INCLUDE_IN_FRAMEWORK_HEADER = YES;
				CLANG_WARN_RANGE_LOOP_ANALYSIS = YES;
				CLANG_WARN_STRICT_PROTOTYPES = YES;
				CLANG_WARN_SUSPICIOUS_MOVE = YES;
				CLANG_WARN_UNGUARDED_AVAILABILITY = YES_AGGRESSIVE;
				CLANG_WARN_UNREACHABLE_CODE = YES;
				CLANG_WARN__DUPLICATE_METHOD_MATCH = YES;
				COPY_PHASE_STRIP = NO;
				DEBUG_INFORMATION_FORMAT = "dwarf-with-dsym";
				ENABLE_NS_ASSERTIONS = NO;
				ENABLE_STRICT_OBJC_MSGSEND = YES;
				GCC_C_LANGUAGE_STANDARD = gnu11;
				GCC_NO_COMMON_BLOCKS = YES;
				GCC_WARN_64_TO_32_BIT_CONVERSION = YES;
				GCC_WARN_ABOUT_RETURN_TYPE = YES_ERROR;
				GCC_WARN_UNDECLARED_SELECTOR = YES;
				GCC_WARN_UNINITIALIZED_AUTOS = YES_AGGRESSIVE;
				GCC_WARN_UNUSED_FUNCTION = YES;
				GCC_WARN_UNUSED_VARIABLE = YES;
				IPHONEOS_DEPLOYMENT_TARGET = 15.0;
				MTL_ENABLE_DEBUG_INFO = NO;
				MTL_FAST_MATH = YES;
				SDKROOT = iphoneos;
				SWIFT_COMPILATION_MODE = wholemodule;
				SWIFT_OPTIMIZATION_LEVEL = "-O";
				VALIDATE_PRODUCT = YES;
			};
			name = Release;
		};
		FCF7BDE0280C37600004A906 /* Debug */ = {
			isa = XCBuildConfiguration;
			buildSettings = {
				ASSETCATALOG_COMPILER_APPICON_NAME = AppIcon;
				ASSETCATALOG_COMPILER_GLOBAL_ACCENT_COLOR_NAME = AccentColor;
				CODE_SIGN_STYLE = Automatic;
				CURRENT_PROJECT_VERSION = 1;
				DEVELOPMENT_TEAM = THU336WA8H;
				GENERATE_INFOPLIST_FILE = YES;
				INFOPLIST_FILE = "WeatherApp-Challenge/Info.plist";
				INFOPLIST_KEY_UIApplicationSupportsIndirectInputEvents = YES;
				INFOPLIST_KEY_UILaunchStoryboardName = LaunchScreen;
				INFOPLIST_KEY_UIMainStoryboardFile = Main;
				INFOPLIST_KEY_UISupportedInterfaceOrientations_iPad = "UIInterfaceOrientationPortrait UIInterfaceOrientationPortraitUpsideDown UIInterfaceOrientationLandscapeLeft UIInterfaceOrientationLandscapeRight";
				INFOPLIST_KEY_UISupportedInterfaceOrientations_iPhone = "UIInterfaceOrientationPortrait UIInterfaceOrientationLandscapeLeft UIInterfaceOrientationLandscapeRight";
				LD_RUNPATH_SEARCH_PATHS = (
					"$(inherited)",
					"@executable_path/Frameworks",
				);
				MARKETING_VERSION = 1.0;
				PRODUCT_BUNDLE_IDENTIFIER = "ShahadAlhanaya2021.WeatherApp-Challenge";
				PRODUCT_NAME = "$(TARGET_NAME)";
				SWIFT_EMIT_LOC_STRINGS = YES;
				SWIFT_VERSION = 5.0;
				TARGETED_DEVICE_FAMILY = "1,2";
			};
			name = Debug;
		};
		FCF7BDE1280C37600004A906 /* Release */ = {
			isa = XCBuildConfiguration;
			buildSettings = {
				ASSETCATALOG_COMPILER_APPICON_NAME = AppIcon;
				ASSETCATALOG_COMPILER_GLOBAL_ACCENT_COLOR_NAME = AccentColor;
				CODE_SIGN_STYLE = Automatic;
				CURRENT_PROJECT_VERSION = 1;
				DEVELOPMENT_TEAM = THU336WA8H;
				GENERATE_INFOPLIST_FILE = YES;
				INFOPLIST_FILE = "WeatherApp-Challenge/Info.plist";
				INFOPLIST_KEY_UIApplicationSupportsIndirectInputEvents = YES;
				INFOPLIST_KEY_UILaunchStoryboardName = LaunchScreen;
				INFOPLIST_KEY_UIMainStoryboardFile = Main;
				INFOPLIST_KEY_UISupportedInterfaceOrientations_iPad = "UIInterfaceOrientationPortrait UIInterfaceOrientationPortraitUpsideDown UIInterfaceOrientationLandscapeLeft UIInterfaceOrientationLandscapeRight";
				INFOPLIST_KEY_UISupportedInterfaceOrientations_iPhone = "UIInterfaceOrientationPortrait UIInterfaceOrientationLandscapeLeft UIInterfaceOrientationLandscapeRight";
				LD_RUNPATH_SEARCH_PATHS = (
					"$(inherited)",
					"@executable_path/Frameworks",
				);
				MARKETING_VERSION = 1.0;
				PRODUCT_BUNDLE_IDENTIFIER = "ShahadAlhanaya2021.WeatherApp-Challenge";
				PRODUCT_NAME = "$(TARGET_NAME)";
				SWIFT_EMIT_LOC_STRINGS = YES;
				SWIFT_VERSION = 5.0;
				TARGETED_DEVICE_FAMILY = "1,2";
			};
			name = Release;
		};
		FCF7BDE3280C37600004A906 /* Debug */ = {
			isa = XCBuildConfiguration;
			buildSettings = {
				ALWAYS_EMBED_SWIFT_STANDARD_LIBRARIES = YES;
				BUNDLE_LOADER = "$(TEST_HOST)";
				CODE_SIGN_STYLE = Automatic;
				CURRENT_PROJECT_VERSION = 1;
				DEVELOPMENT_TEAM = THU336WA8H;
				GENERATE_INFOPLIST_FILE = YES;
				IPHONEOS_DEPLOYMENT_TARGET = 15.0;
				LD_RUNPATH_SEARCH_PATHS = (
					"$(inherited)",
					"@executable_path/Frameworks",
					"@loader_path/Frameworks",
				);
				MARKETING_VERSION = 1.0;
				PRODUCT_BUNDLE_IDENTIFIER = "ShahadAlhanaya2021.WeatherApp-ChallengeTests";
				PRODUCT_NAME = "$(TARGET_NAME)";
				SWIFT_EMIT_LOC_STRINGS = NO;
				SWIFT_VERSION = 5.0;
				TARGETED_DEVICE_FAMILY = "1,2";
				TEST_HOST = "$(BUILT_PRODUCTS_DIR)/WeatherApp-Challenge.app/WeatherApp-Challenge";
			};
			name = Debug;
		};
		FCF7BDE4280C37600004A906 /* Release */ = {
			isa = XCBuildConfiguration;
			buildSettings = {
				ALWAYS_EMBED_SWIFT_STANDARD_LIBRARIES = YES;
				BUNDLE_LOADER = "$(TEST_HOST)";
				CODE_SIGN_STYLE = Automatic;
				CURRENT_PROJECT_VERSION = 1;
				DEVELOPMENT_TEAM = THU336WA8H;
				GENERATE_INFOPLIST_FILE = YES;
				IPHONEOS_DEPLOYMENT_TARGET = 15.0;
				LD_RUNPATH_SEARCH_PATHS = (
					"$(inherited)",
					"@executable_path/Frameworks",
					"@loader_path/Frameworks",
				);
				MARKETING_VERSION = 1.0;
				PRODUCT_BUNDLE_IDENTIFIER = "ShahadAlhanaya2021.WeatherApp-ChallengeTests";
				PRODUCT_NAME = "$(TARGET_NAME)";
				SWIFT_EMIT_LOC_STRINGS = NO;
				SWIFT_VERSION = 5.0;
				TARGETED_DEVICE_FAMILY = "1,2";
				TEST_HOST = "$(BUILT_PRODUCTS_DIR)/WeatherApp-Challenge.app/WeatherApp-Challenge";
			};
			name = Release;
		};
		FCF7BDE6280C37600004A906 /* Debug */ = {
			isa = XCBuildConfiguration;
			buildSettings = {
				ALWAYS_EMBED_SWIFT_STANDARD_LIBRARIES = YES;
				CODE_SIGN_STYLE = Automatic;
				CURRENT_PROJECT_VERSION = 1;
				DEVELOPMENT_TEAM = THU336WA8H;
				GENERATE_INFOPLIST_FILE = YES;
				LD_RUNPATH_SEARCH_PATHS = (
					"$(inherited)",
					"@executable_path/Frameworks",
					"@loader_path/Frameworks",
				);
				MARKETING_VERSION = 1.0;
				PRODUCT_BUNDLE_IDENTIFIER = "ShahadAlhanaya2021.WeatherApp-ChallengeUITests";
				PRODUCT_NAME = "$(TARGET_NAME)";
				SWIFT_EMIT_LOC_STRINGS = NO;
				SWIFT_VERSION = 5.0;
				TARGETED_DEVICE_FAMILY = "1,2";
				TEST_TARGET_NAME = "WeatherApp-Challenge";
			};
			name = Debug;
		};
		FCF7BDE7280C37600004A906 /* Release */ = {
			isa = XCBuildConfiguration;
			buildSettings = {
				ALWAYS_EMBED_SWIFT_STANDARD_LIBRARIES = YES;
				CODE_SIGN_STYLE = Automatic;
				CURRENT_PROJECT_VERSION = 1;
				DEVELOPMENT_TEAM = THU336WA8H;
				GENERATE_INFOPLIST_FILE = YES;
				LD_RUNPATH_SEARCH_PATHS = (
					"$(inherited)",
					"@executable_path/Frameworks",
					"@loader_path/Frameworks",
				);
				MARKETING_VERSION = 1.0;
				PRODUCT_BUNDLE_IDENTIFIER = "ShahadAlhanaya2021.WeatherApp-ChallengeUITests";
				PRODUCT_NAME = "$(TARGET_NAME)";
				SWIFT_EMIT_LOC_STRINGS = NO;
				SWIFT_VERSION = 5.0;
				TARGETED_DEVICE_FAMILY = "1,2";
				TEST_TARGET_NAME = "WeatherApp-Challenge";
			};
			name = Release;
		};
/* End XCBuildConfiguration section */

/* Begin XCConfigurationList section */
		FCF7BDAD280C375D0004A906 /* Build configuration list for PBXProject "WeatherApp-Challenge" */ = {
			isa = XCConfigurationList;
			buildConfigurations = (
				FCF7BDDD280C37600004A906 /* Debug */,
				FCF7BDDE280C37600004A906 /* Release */,
			);
			defaultConfigurationIsVisible = 0;
			defaultConfigurationName = Release;
		};
		FCF7BDDF280C37600004A906 /* Build configuration list for PBXNativeTarget "WeatherApp-Challenge" */ = {
			isa = XCConfigurationList;
			buildConfigurations = (
				FCF7BDE0280C37600004A906 /* Debug */,
				FCF7BDE1280C37600004A906 /* Release */,
			);
			defaultConfigurationIsVisible = 0;
			defaultConfigurationName = Release;
		};
		FCF7BDE2280C37600004A906 /* Build configuration list for PBXNativeTarget "WeatherApp-ChallengeTests" */ = {
			isa = XCConfigurationList;
			buildConfigurations = (
				FCF7BDE3280C37600004A906 /* Debug */,
				FCF7BDE4280C37600004A906 /* Release */,
			);
			defaultConfigurationIsVisible = 0;
			defaultConfigurationName = Release;
		};
		FCF7BDE5280C37600004A906 /* Build configuration list for PBXNativeTarget "WeatherApp-ChallengeUITests" */ = {
			isa = XCConfigurationList;
			buildConfigurations = (
				FCF7BDE6280C37600004A906 /* Debug */,
				FCF7BDE7280C37600004A906 /* Release */,
			);
			defaultConfigurationIsVisible = 0;
			defaultConfigurationName = Release;
		};
/* End XCConfigurationList section */

/* Begin XCVersionGroup section */
		FCF7BDBE280C375D0004A906 /* WeatherApp_Challenge.xcdatamodeld */ = {
			isa = XCVersionGroup;
			children = (
				FCF7BDBF280C375D0004A906 /* WeatherApp_Challenge.xcdatamodel */,
			);
			currentVersion = FCF7BDBF280C375D0004A906 /* WeatherApp_Challenge.xcdatamodel */;
			path = WeatherApp_Challenge.xcdatamodeld;
			sourceTree = "<group>";
			versionGroupType = wrapper.xcdatamodel;
		};
/* End XCVersionGroup section */
	};
	rootObject = FCF7BDAA280C375D0004A906 /* Project object */;
}
